lockfileVersion: '9.0'

settings:
  autoInstallPeers: true
  excludeLinksFromLockfile: false

importers:

  .:
    dependencies:
      '@radix-ui/react-icons':
        specifier: 1.3.2
        version: 1.3.2(react@18.3.1)
      date-fns:
        specifier: 4.1.0
        version: 4.1.0
      framer-motion:
        specifier: 11.18.2
        version: 11.18.2(react-dom@18.3.1(react@18.3.1))(react@18.3.1)
      lenis:
        specifier: 1.1.13
        version: 1.1.13(react-dom@18.3.1(react@18.3.1))(react@18.3.1)
      lucide-react:
        specifier: 0.577.0
        version: 0.577.0(react@18.3.1)
      react:
        specifier: 18.3.1
        version: 18.3.1
      react-dom:
        specifier: 18.3.1
        version: 18.3.1(react@18.3.1)
      react-router-dom:
        specifier: 6.30.2
        version: 6.30.2(react-dom@18.3.1(react@18.3.1))(react@18.3.1)
      tailwind-merge:
        specifier: 2.6.1
        version: 2.6.1

packages:

  '@darkroom.engineering/tempus@0.0.46':
    resolution: {integrity: sha512-s5vav3KMHYezvUCl4ee5epg0oimF6M8C9gAaKxFnFaTvX2q3ywFDryIv6XLd0mRFUt3S1uHDJqKaiEcs2ZVSvw==}
    deprecated: 'The ''@darkroom.engineering/tempus'' package has been renamed to ''tempus''. Please update your dependencies: npm install tempus and visit the documentation: https://www.npmjs.com/package/tempus'

  '@radix-ui/react-icons@1.3.2':
    resolution: {integrity: sha512-fyQIhGDhzfc9pK2kH6Pl9c4BDJGfMkPqkyIgYDthyNYoNg3wVhoJMMh19WS4Up/1KMPFVpNsT2q3WmXn2N1m6g==}
    peerDependencies:
      react: ^16.x || ^17.x || ^18.x || ^19.0.0 || ^19.0.0-rc

  '@remix-run/router@1.23.1':
    resolution: {integrity: sha512-vDbaOzF7yT2Qs4vO6XV1MHcJv+3dgR1sT+l3B8xxOVhUC336prMvqrvsLL/9Dnw2xr6Qhz4J0dmS0llNAbnUmQ==}
    engines: {node: '>=14.0.0'}

  date-fns@4.1.0:
    resolution: {integrity: sha512-Ukq0owbQXxa/U3EGtsdVBkR1w7KOQ5gIBqdH2hkvknzZPYvBxb/aa6E8L7tmjFtkwZBu3UXBbjIgPo/Ez4xaNg==}

  framer-motion@11.18.2:
    resolution: {integrity: sha512-5F5Och7wrvtLVElIpclDT0CBzMVg3dL22B64aZwHtsIY8RB4mXICLrkajK4G9R+ieSAGcgrLeae2SeUTg2pr6w==}
    peerDependencies:
      '@emotion/is-prop-valid': '*'
      react: ^18.0.0 || ^19.0.0
      react-dom: ^18.0.0 || ^19.0.0
    peerDependenciesMeta:
      '@emotion/is-prop-valid':
        optional: true
      react:
        optional: true
      react-dom:
        optional: true

  js-tokens@4.0.0:
    resolution: {integrity: sha512-RdJUflcE3cUzKiMqQgsCu06FPu9UdIJO0beYbPhHN4k6apgJtifcoCtT9bcxOpYBtpD2kCM6Sbzg4CausW/PKQ==}

  lenis@1.1.13:
    resolution: {integrity: sha512-iny+vWwUHcZGbJz+p2I75H1muLBRZqSG7t04jnhA+CWOQDFL1vt9bsZDwPPtYEmYVVvqAdo5MbXVFzNOlbgUkQ==}
    peerDependencies:
      react: '>=17.0.0'
      react-dom: '>=17.0.0'
    peerDependenciesMeta:
      react:
        optional: true
      react-dom:
        optional: true

  loose-envify@1.4.0:
    resolution: {integrity: sha512-lyuxPGr/Wfhrlem2CL/UcnUc1zcqKAImBDzukY7Y5F/yQiNdko6+fRLevlw1HgMySw7f611UIY408EtxRSoK3Q==}
    hasBin: true

  lucide-react@0.577.0:
    resolution: {integrity: sha512-4LjoFv2eEPwYDPg/CUdBJQSDfPyzXCRrVW1X7jrx/trgxnxkHFjnVZINbzvzxjN70dxychOfg+FTYwBiS3pQ5A==}
    peerDependencies:
      react: ^16.5.1 || ^17.0.0 || ^18.0.0 || ^19.0.0

  motion-dom@11.18.1:
    resolution: {integrity: sha512-g76KvA001z+atjfxczdRtw/RXOM3OMSdd1f4DL77qCTF/+avrRJiawSG4yDibEQ215sr9kpinSlX2pCTJ9zbhw==}

  motion-utils@11.18.1:
    resolution: {integrity: sha512-49Kt+HKjtbJKLtgO/LKj9Ld+6vw9BjH5d9sc40R/kVyH8GLAXgT42M2NnuPcJNuA3s9ZfZBUcwIgpmZWGEE+hA==}

  react-dom@18.3.1:
    resolution: {integrity: sha512-5m4nQKp+rZRb09LNH59GM4BxTh9251/ylbKIbpe7TpGxfJ+9kv6BLkLBXIjjspbgbnIBNqlI23tRnTWT0snUIw==}
    peerDependencies:
      react: ^18.3.1

  react-router-dom@6.30.2:
    resolution: {integrity: sha512-l2OwHn3UUnEVUqc6/1VMmR1cvZryZ3j3NzapC2eUXO1dB0sYp5mvwdjiXhpUbRb21eFow3qSxpP8Yv6oAU824Q==}
    engines: {node: '>=14.0.0'}
    peerDependencies:
      react: '>=16.8'
      react-dom: '>=16.8'

  react-router@6.30.2:
    resolution: {integrity: sha512-H2Bm38Zu1bm8KUE5NVWRMzuIyAV8p/JrOaBJAwVmp37AXG72+CZJlEBw6pdn9i5TBgLMhNDgijS4ZlblpHyWTA==}
    engines: {node: '>=14.0.0'}
    peerDependencies:
      react: '>=16.8'

  react@18.3.1:
    resolution: {integrity: sha512-wS+hAgJShR0KhEvPJArfuPVN1+Hz1t0Y6n5jLrGQbkb4urgPE/0Rve+1kMB1v/oWgHgm4WIcV+i7F2pTVj+2iQ==}
    engines: {node: '>=0.10.0'}

  scheduler@0.23.2:
    resolution: {integrity: sha512-UOShsPwz7NrMUqhR6t0hWjFduvOzbtv7toDH1/hIrfRNIDBnnBWd0CwJTGvTpngVlmwGCdP9/Zl/tVrDqcuYzQ==}

  tailwind-merge@2.6.1:
    resolution: {integrity: sha512-Oo6tHdpZsGpkKG88HJ8RR1rg/RdnEkQEfMoEk2x1XRI3F1AxeU+ijRXpiVUF4UbLfcxxRGw6TbUINKYdWVsQTQ==}

  tslib@2.8.1:
    resolution: {integrity: sha512-oJFu94HQb+KVduSUQL7wnpmqnfmLsOA/nAh6b6EH0wCEoK0/mPeXU6c3wKDV83MkOuHPRHtSXKKU99IBazS/2w==}

snapshots:

  '@darkroom.engineering/tempus@0.0.46': {}

  '@radix-ui/react-icons@1.3.2(react@18.3.1)':
    dependencies:
      react: 18.3.1

  '@remix-run/router@1.23.1': {}

  date-fns@4.1.0: {}

  framer-motion@11.18.2(react-dom@18.3.1(react@18.3.1))(react@18.3.1):
    dependencies:
      motion-dom: 11.18.1
      motion-utils: 11.18.1
      tslib: 2.8.1
    optionalDependencies:
      react: 18.3.1
      react-dom: 18.3.1(react@18.3.1)

  js-tokens@4.0.0: {}

  lenis@1.1.13(react-dom@18.3.1(react@18.3.1))(react@18.3.1):
    dependencies:
      '@darkroom.engineering/tempus': 0.0.46
    optionalDependencies:
      react: 18.3.1
      react-dom: 18.3.1(react@18.3.1)

  loose-envify@1.4.0:
    dependencies:
      js-tokens: 4.0.0

  lucide-react@0.577.0(react@18.3.1):
    dependencies:
      react: 18.3.1

  motion-dom@11.18.1:
    dependencies:
      motion-utils: 11.18.1

  motion-utils@11.18.1: {}

  react-dom@18.3.1(react@18.3.1):
    dependencies:
      loose-envify: 1.4.0
      react: 18.3.1
      scheduler: 0.23.2

  react-router-dom@6.30.2(react-dom@18.3.1(react@18.3.1))(react@18.3.1):
    dependencies:
      '@remix-run/router': 1.23.1
      react: 18.3.1
      react-dom: 18.3.1(react@18.3.1)
      react-router: 6.30.2(react@18.3.1)

  react-router@6.30.2(react@18.3.1):
    dependencies:
      '@remix-run/router': 1.23.1
      react: 18.3.1

  react@18.3.1:
    dependencies:
      loose-envify: 1.4.0

  scheduler@0.23.2:
    dependencies:
      loose-envify: 1.4.0

  tailwind-merge@2.6.1: {}

  tslib@2.8.1: {}
